{
  "version": 4,
  "terraform_version": "1.8.5",
  "serial": 9,
  "lineage": "be3e10d9-1b87-1be9-933b-3912a7e90f50",
  "outputs": {},
  "resources": [
    {
      "mode": "managed",
      "type": "aws_s3_bucket",
      "name": "example",
      "provider": "provider[\"registry.terraform.io/hashicorp/aws\"]",
      "instances": [
        {
          "schema_version": 0,
          "attributes": {
            "acceleration_status": "",
            "acl": null,
            "arn": "arn:aws:s3:::bucket-do-wagner-criado-por-terraform-em-2024-01",
            "bucket": "bucket-do-wagner-criado-por-terraform-em-2024-01",
            "bucket_domain_name": "bucket-do-wagner-criado-por-terraform-em-2024-01.s3.amazonaws.com",
            "bucket_prefix": "",
            "bucket_regional_domain_name": "bucket-do-wagner-criado-por-terraform-em-2024-01.s3.sa-east-1.amazonaws.com",
            "cors_rule": [],
            "force_destroy": false,
            "grant": [
              {
                "id": "4881ba97bd6476bc09a40e54b974a0d92fc6924325b948cb8853dc1c90e45c3e",
                "permissions": [
                  "FULL_CONTROL"
                ],
                "type": "CanonicalUser",
                "uri": ""
              }
            ],
            "hosted_zone_id": "Z7KQH4QJS55SO",
            "id": "bucket-do-wagner-criado-por-terraform-em-2024-01",
            "lifecycle_rule": [],
            "logging": [],
            "object_lock_configuration": [],
            "object_lock_enabled": false,
            "policy": "",
            "region": "sa-east-1",
            "replication_configuration": [],
            "request_payer": "BucketOwner",
            "server_side_encryption_configuration": [
              {
                "rule": [
                  {
                    "apply_server_side_encryption_by_default": [
                      {
                        "kms_master_key_id": "",
                        "sse_algorithm": "AES256"
                      }
                    ],
                    "bucket_key_enabled": false
                  }
                ]
              }
            ],
            "tags": {
              "CreatedAt": "2024-06-19",
              "ManagedBy": "Terraform"
            },
            "tags_all": {
              "CreatedAt": "2024-06-19",
              "ManagedBy": "Terraform"
            },
            "timeouts": null,
            "versioning": [
              {
                "enabled": false,
                "mfa_delete": false
              }
            ],
            "website": [],
            "website_domain": null,
            "website_endpoint": null
          },
          "sensitive_attributes": [],
          "private": "eyJlMmJmYjczMC1lY2FhLTExZTYtOGY4OC0zNDM2M2JjN2M0YzAiOnsiY3JlYXRlIjoxMjAwMDAwMDAwMDAwLCJkZWxldGUiOjM2MDAwMDAwMDAwMDAsInJlYWQiOjEyMDAwMDAwMDAwMDAsInVwZGF0ZSI6MTIwMDAwMDAwMDAwMH19"
        }
      ]
    },
    {
      "mode": "managed",
      "type": "aws_s3_bucket_versioning",
      "name": "versioning_example",
      "provider": "provider[\"registry.terraform.io/hashicorp/aws\"]",
      "instances": [
        {
          "schema_version": 0,
          "attributes": {
            "bucket": "bucket-do-wagner-criado-por-terraform-em-2024-01",
            "expected_bucket_owner": "",
            "id": "bucket-do-wagner-criado-por-terraform-em-2024-01",
            "mfa": null,
            "versioning_configuration": [
              {
                "mfa_delete": "",
                "status": "Enabled"
              }
            ]
          },
          "sensitive_attributes": [],
          "private": "bnVsbA==",
          "dependencies": [
            "aws_s3_bucket.example"
          ]
        }
      ]
    }
  ],
  "check_results": null
}
